{
  "requires": true,
  "lockfileVersion": 1,
  "dependencies": {
    "@date-io/core": {
      "version": "2.10.11",
      "resolved": "https://registry.npmjs.org/@date-io/core/-/core-2.10.11.tgz",
      "integrity": "sha512-keXQnwH0LM8wyvu+j5Z2KGK56D+eItjy7DnwuWl/oV+DM2UEYl0z5WhdPMpfswSyt/kjuPOzcVF/7u/skMLaoA=="
    },
    "@date-io/date-fns": {
      "version": "2.10.11",
      "resolved": "https://registry.npmjs.org/@date-io/date-fns/-/date-fns-2.10.11.tgz",
      "integrity": "sha512-QG9IAZ4bvwkJftoSVKtdb5ISH+Qp4zilrjhzcL4RXaeqkfIWiFeXqQPgJljvPl6gQ04zf2SjGkWjdh1eJxxwmQ==",
      "requires": {
        "@date-io/core": "^2.10.11"
      }
    }
  }
}
